
Microsoft Visual Studio Solution File, Format Version 12.00
# Visual Studio 15
Project("{FAE04EC0-301F-11D3-BF4B-00C04F79EFBC}") = "CombinationProblem", "CombinationProblem.csproj", "{DAE5A0E2-4052-426B-9814-AAB54F64F682}"
EndProject
Global
	GlobalSection(SolutionConfigurationPlatforms) = preSolution
		default|Any CPU = default|Any CPU
		Debug|Any CPU = Debug|Any CPU
		Release|Any CPU = Release|Any CPU
	EndGlobalSection
	GlobalSection(ProjectConfigurationPlatforms) = postSolution
		{DAE5A0E2-4052-426B-9814-AAB54F64F682}.default|Any CPU.ActiveCfg = default|Any CPU
		{DAE5A0E2-4052-426B-9814-AAB54F64F682}.default|Any CPU.Build.0 = default|Any CPU
		{DAE5A0E2-4052-426B-9814-AAB54F64F682}.Debug|Any CPU.ActiveCfg = Debug|Any CPU
		{DAE5A0E2-4052-426B-9814-AAB54F64F682}.Debug|Any CPU.Build.0 = Debug|Any CPU
		{DAE5A0E2-4052-426B-9814-AAB54F64F682}.Release|Any CPU.ActiveCfg = Release|Any CPU
		{DAE5A0E2-4052-426B-9814-AAB54F64F682}.Release|Any CPU.Build.0 = Release|Any CPU
	EndGlobalSection
EndGlobal
