
Microsoft Visual Studio Solution File, Format Version 12.00
# Visual Studio 15
Project("{FAE04EC0-301F-11D3-BF4B-00C04F79EFBC}") = "StringRelatedProblem", "StringRelatedProblem\StringRelatedProblem.csproj", "{22061EDA-D9BD-406B-878C-A06E9B9BFCFB}"
EndProject
Global
	GlobalSection(SolutionConfigurationPlatforms) = preSolution
		Debug|anycpu = Debug|anycpu
		Release|anycpu = Release|anycpu
	EndGlobalSection
	GlobalSection(ProjectConfigurationPlatforms) = postSolution
		{22061EDA-D9BD-406B-878C-A06E9B9BFCFB}.Debug|anycpu.ActiveCfg = Debug|anycpu
		{22061EDA-D9BD-406B-878C-A06E9B9BFCFB}.Debug|anycpu.Build.0 = Debug|anycpu
		{22061EDA-D9BD-406B-878C-A06E9B9BFCFB}.Release|anycpu.ActiveCfg = Release|anycpu
		{22061EDA-D9BD-406B-878C-A06E9B9BFCFB}.Release|anycpu.Build.0 = Release|anycpu
	EndGlobalSection
EndGlobal
