
Microsoft Visual Studio Solution File, Format Version 12.00
# Visual Studio 15
Project("{FAE04EC0-301F-11D3-BF4B-00C04F79EFBC}") = "TrieImplementation", "TrieImplementation\TrieImplementation.csproj", "{CE41999A-CDCE-4267-B978-4F4930ED5752}"
EndProject
Global
	GlobalSection(SolutionConfigurationPlatforms) = preSolution
		Debug|Any CPU = Debug|Any CPU
		Release|Any CPU = Release|Any CPU
	EndGlobalSection
	GlobalSection(ProjectConfigurationPlatforms) = postSolution
		{CE41999A-CDCE-4267-B978-4F4930ED5752}.Debug|Any CPU.ActiveCfg = Debug|Any CPU
		{CE41999A-CDCE-4267-B978-4F4930ED5752}.Debug|Any CPU.Build.0 = Debug|Any CPU
		{CE41999A-CDCE-4267-B978-4F4930ED5752}.Release|Any CPU.ActiveCfg = Release|Any CPU
		{CE41999A-CDCE-4267-B978-4F4930ED5752}.Release|Any CPU.Build.0 = Release|Any CPU
	EndGlobalSection
EndGlobal
