
Microsoft Visual Studio Solution File, Format Version 12.00
# Visual Studio 15
Project("{FAE04EC0-301F-11D3-BF4B-00C04F79EFBC}") = "NonAdjustMaxSum", "NonAdjustMaxSum\NonAdjustMaxSum.csproj", "{E64DE1B2-ADF9-45B2-9C29-682CC84609C8}"
EndProject
Global
	GlobalSection(SolutionConfigurationPlatforms) = preSolution
		Debug|anycpu = Debug|anycpu
		Release|anycpu = Release|anycpu
	EndGlobalSection
	GlobalSection(ProjectConfigurationPlatforms) = postSolution
		{E64DE1B2-ADF9-45B2-9C29-682CC84609C8}.Debug|anycpu.ActiveCfg = Debug|anycpu
		{E64DE1B2-ADF9-45B2-9C29-682CC84609C8}.Debug|anycpu.Build.0 = Debug|anycpu
		{E64DE1B2-ADF9-45B2-9C29-682CC84609C8}.Release|anycpu.ActiveCfg = Release|anycpu
		{E64DE1B2-ADF9-45B2-9C29-682CC84609C8}.Release|anycpu.Build.0 = Release|anycpu
	EndGlobalSection
EndGlobal
