
Microsoft Visual Studio Solution File, Format Version 12.00
# Visual Studio 15
Project("{FAE04EC0-301F-11D3-BF4B-00C04F79EFBC}") = "MatrixProblem", "MatrixProblem\MatrixProblem.csproj", "{0C11065A-BE19-4849-8CC2-1845DE79B5DA}"
EndProject
Global
	GlobalSection(SolutionConfigurationPlatforms) = preSolution
		Debug|anycpu = Debug|anycpu
		Release|anycpu = Release|anycpu
	EndGlobalSection
	GlobalSection(ProjectConfigurationPlatforms) = postSolution
		{0C11065A-BE19-4849-8CC2-1845DE79B5DA}.Debug|anycpu.ActiveCfg = Debug|anycpu
		{0C11065A-BE19-4849-8CC2-1845DE79B5DA}.Debug|anycpu.Build.0 = Debug|anycpu
		{0C11065A-BE19-4849-8CC2-1845DE79B5DA}.Release|anycpu.ActiveCfg = Release|anycpu
		{0C11065A-BE19-4849-8CC2-1845DE79B5DA}.Release|anycpu.Build.0 = Release|anycpu
	EndGlobalSection
EndGlobal
