
Microsoft Visual Studio Solution File, Format Version 12.00
# Visual Studio 15
Project("{FAE04EC0-301F-11D3-BF4B-00C04F79EFBC}") = "SubsetSum", "SubsetSum\SubsetSum.csproj", "{D1630C3F-3419-421B-ACA7-FAC03E3C49BA}"
EndProject
Global
	GlobalSection(SolutionConfigurationPlatforms) = preSolution
		Debug|anycpu = Debug|anycpu
		Release|anycpu = Release|anycpu
	EndGlobalSection
	GlobalSection(ProjectConfigurationPlatforms) = postSolution
		{D1630C3F-3419-421B-ACA7-FAC03E3C49BA}.Debug|anycpu.ActiveCfg = Debug|anycpu
		{D1630C3F-3419-421B-ACA7-FAC03E3C49BA}.Debug|anycpu.Build.0 = Debug|anycpu
		{D1630C3F-3419-421B-ACA7-FAC03E3C49BA}.Release|anycpu.ActiveCfg = Release|anycpu
		{D1630C3F-3419-421B-ACA7-FAC03E3C49BA}.Release|anycpu.Build.0 = Release|anycpu
	EndGlobalSection
EndGlobal
