
Microsoft Visual Studio Solution File, Format Version 12.00
# Visual Studio 15
Project("{FAE04EC0-301F-11D3-BF4B-00C04F79EFBC}") = "SQRT-BinarySrch", "SQRT-BinarySrch\SQRT-BinarySrch.csproj", "{E5A06448-20A9-4012-8702-1DE357BF0926}"
EndProject
Global
	GlobalSection(SolutionConfigurationPlatforms) = preSolution
		Debug|anycpu = Debug|anycpu
		Release|anycpu = Release|anycpu
	EndGlobalSection
	GlobalSection(ProjectConfigurationPlatforms) = postSolution
		{E5A06448-20A9-4012-8702-1DE357BF0926}.Debug|anycpu.ActiveCfg = Debug|anycpu
		{E5A06448-20A9-4012-8702-1DE357BF0926}.Debug|anycpu.Build.0 = Debug|anycpu
		{E5A06448-20A9-4012-8702-1DE357BF0926}.Release|anycpu.ActiveCfg = Release|anycpu
		{E5A06448-20A9-4012-8702-1DE357BF0926}.Release|anycpu.Build.0 = Release|anycpu
	EndGlobalSection
EndGlobal
